
Microsoft Visual Studio Solution File, Format Version 12.00
# Visual Studio Version 16
VisualStudioVersion = 16.0.29123.88
MinimumVisualStudioVersion = 10.0.40219.1
Project("{FAE04EC0-301F-11D3-BF4B-00C04F79EFBC}") = "kahlon", "kahlon\kahlon.csproj", "{B31A9BC5-E5DC-4FD7-A1F9-FBE453F1284C}"
EndProject
Global
	GlobalSection(SolutionConfigurationPlatforms) = preSolution
		Debug|Any CPU = Debug|Any CPU
		Release|Any CPU = Release|Any CPU
	EndGlobalSection
	GlobalSection(ProjectConfigurationPlatforms) = postSolution
		{B31A9BC5-E5DC-4FD7-A1F9-FBE453F1284C}.Debug|Any CPU.ActiveCfg = Debug|Any CPU
		{B31A9BC5-E5DC-4FD7-A1F9-FBE453F1284C}.Debug|Any CPU.Build.0 = Debug|Any CPU
		{B31A9BC5-E5DC-4FD7-A1F9-FBE453F1284C}.Release|Any CPU.ActiveCfg = Release|Any CPU
		{B31A9BC5-E5DC-4FD7-A1F9-FBE453F1284C}.Release|Any CPU.Build.0 = Release|Any CPU
	EndGlobalSection
	GlobalSection(SolutionProperties) = preSolution
		HideSolutionNode = FALSE
	EndGlobalSection
	GlobalSection(ExtensibilityGlobals) = postSolution
		SolutionGuid = {BB320D7D-D2DF-433A-8C60-008E18793C79}
	EndGlobalSection
EndGlobal
